
Microsoft Visual Studio Solution File, Format Version 12.00
# Visual Studio Version 16
VisualStudioVersion = 16.0.28803.653
MinimumVisualStudioVersion = 10.0.40219.1
Project("{FAE04EC0-301F-11D3-BF4B-00C04F79EFBC}") = "Wyscig", "Wyscig\Wyscig.csproj", "{B90EA811-8E67-4C5F-9DC3-C42A0521B58B}"
EndProject
Global
	GlobalSection(SolutionConfigurationPlatforms) = preSolution
		Debug|Any CPU = Debug|Any CPU
		Release|Any CPU = Release|Any CPU
	EndGlobalSection
	GlobalSection(ProjectConfigurationPlatforms) = postSolution
		{B90EA811-8E67-4C5F-9DC3-C42A0521B58B}.Debug|Any CPU.ActiveCfg = Debug|Any CPU
		{B90EA811-8E67-4C5F-9DC3-C42A0521B58B}.Debug|Any CPU.Build.0 = Debug|Any CPU
		{B90EA811-8E67-4C5F-9DC3-C42A0521B58B}.Release|Any CPU.ActiveCfg = Release|Any CPU
		{B90EA811-8E67-4C5F-9DC3-C42A0521B58B}.Release|Any CPU.Build.0 = Release|Any CPU
	EndGlobalSection
	GlobalSection(SolutionProperties) = preSolution
		HideSolutionNode = FALSE
	EndGlobalSection
	GlobalSection(ExtensibilityGlobals) = postSolution
		SolutionGuid = {C20576C9-9179-4CCD-807F-77ACC484F393}
	EndGlobalSection
EndGlobal
